{
  "name": "@nulldivision/swagger-flow",
  "version": "0.1.0",
  "lockfileVersion": 1,
  "requires": true,
  "dependencies": {
    "camelcase": {
      "version": "4.1.0",
      "resolved": "https://registry.npmjs.org/camelcase/-/camelcase-4.1.0.tgz",
      "integrity": "sha1-1UVjW+HjPFQmScaRc+Xeas+uNN0="
    },
    "ejs": {
      "version": "2.5.7",
      "resolved": "https://registry.npmjs.org/ejs/-/ejs-2.5.7.tgz",
      "integrity": "sha1-zIcsFoiArjxxiXYv1f/ACJbJUYo="
    },
    "json-to-flow": {
      "version": "0.3.1",
      "resolved": "https://registry.npmjs.org/json-to-flow/-/json-to-flow-0.3.1.tgz",
      "integrity": "sha1-0/rTsFBhfP/3awBZXPlLVQJRZwo=",
      "requires": {
        "ejs": "2.5.7",
        "object-assign": "4.1.1",
        "opt": "0.1.14"
      }
    },
    "object-assign": {
      "version": "4.1.1",
      "resolved": "https://registry.npmjs.org/object-assign/-/object-assign-4.1.1.tgz",
      "integrity": "sha1-IQmtx5ZYh8/AXLvUQsrIv7s2CGM="
    },
    "opt": {
      "version": "0.1.14",
      "resolved": "https://registry.npmjs.org/opt/-/opt-0.1.14.tgz",
      "integrity": "sha1-A/n/RWdYeWHVmFpenJg4MxIpNK8="
    },
    "yargs-parser": {
      "version": "8.0.0",
      "resolved": "https://registry.npmjs.org/yargs-parser/-/yargs-parser-8.0.0.tgz",
      "integrity": "sha1-IdR2Mw5agieaS4gTRb8GYQLiGcY=",
      "requires": {
        "camelcase": "4.1.0"
      }
    }
  }
}
