# THIS IS AN AUTOGENERATED FILE. DO NOT EDIT THIS FILE DIRECTLY.
# yarn lockfile v1


camelcase@^4.1.0:
  version "4.1.0"
  resolved "https://registry.yarnpkg.com/camelcase/-/camelcase-4.1.0.tgz#d545635be1e33c542649c69173e5de6acfae34dd"

ejs@^2.3.4:
  version "2.5.7"
  resolved "https://registry.yarnpkg.com/ejs/-/ejs-2.5.7.tgz#cc872c168880ae3c7189762fd5ffc00896c9518a"

json-to-flow@^0.3.1:
  version "0.3.1"
  resolved "https://registry.yarnpkg.com/json-to-flow/-/json-to-flow-0.3.1.tgz#d3fad3b050617cfff76b00595cf94b550251670a"
  dependencies:
    ejs "^2.3.4"
    object-assign "^4.1.0"
    opt "^0.1.14"

object-assign@^4.1.0:
  version "4.1.1"
  resolved "https://registry.yarnpkg.com/object-assign/-/object-assign-4.1.1.tgz#2109adc7965887cfc05cbbd442cac8bfbb360863"

opt@^0.1.14:
  version "0.1.14"
  resolved "https://registry.yarnpkg.com/opt/-/opt-0.1.14.tgz#03f9ff4567587961d5985a5e9c983833122934af"

yargs-parser@^8.0.0:
  version "8.0.0"
  resolved "https://registry.yarnpkg.com/yargs-parser/-/yargs-parser-8.0.0.tgz#21d476330e5a82279a4b881345bf066102e219c6"
  dependencies:
    camelcase "^4.1.0"
